<Solution>
  <Configurations>
    <Platform Name="Any CPU" />
    <Platform Name="x64" />
    <Platform Name="x86" />
  </Configurations>
  <Project Path="Hermes.Tests/Hermes.Tests.csproj">
    <Platform Solution="*|x64" Project="x64" />
    <Platform Solution="Release|x86" Project="x86" />
    <Build Solution="*|x64" Project="false" />
  </Project>
  <Project Path="Hermes/Hermes.csproj">
    <Platform Solution="*|x86" Project="x86" />
    <Platform Solution="Release|x64" Project="x64" />
    <Build Solution="*|Any CPU" Project="false" />
    <Build Solution="Debug|x64" Project="false" />
  </Project>
</Solution>
